
Microsoft Visual Studio Solution File, Format Version 12.00
# Visual Studio Version 17
VisualStudioVersion = 17.13.35818.85 d17.13
MinimumVisualStudioVersion = 10.0.40219.1
Project("{FAE04EC0-301F-11D3-BF4B-00C04F79EFBC}") = "capa_datos", "capa_datos\capa_datos.csproj", "{DF989167-B310-4B57-814B-59EEC589D1B8}"
EndProject
Project("{FAE04EC0-301F-11D3-BF4B-00C04F79EFBC}") = "capa_negocios", "capa_negocios\capa_negocios.csproj", "{6F74BA68-CE44-4BCB-948E-B69A7E2A446C}"
EndProject
Project("{FAE04EC0-301F-11D3-BF4B-00C04F79EFBC}") = "capa_presentacion", "capa_presentacion\capa_presentacion.csproj", "{4D3891FE-74F0-4EF6-BEAD-155F668CD4AB}"
EndProject
Global
	GlobalSection(SolutionConfigurationPlatforms) = preSolution
		Debug|Any CPU = Debug|Any CPU
		Release|Any CPU = Release|Any CPU
	EndGlobalSection
	GlobalSection(ProjectConfigurationPlatforms) = postSolution
		{DF989167-B310-4B57-814B-59EEC589D1B8}.Debug|Any CPU.ActiveCfg = Debug|Any CPU
		{DF989167-B310-4B57-814B-59EEC589D1B8}.Debug|Any CPU.Build.0 = Debug|Any CPU
		{DF989167-B310-4B57-814B-59EEC589D1B8}.Release|Any CPU.ActiveCfg = Release|Any CPU
		{DF989167-B310-4B57-814B-59EEC589D1B8}.Release|Any CPU.Build.0 = Release|Any CPU
		{6F74BA68-CE44-4BCB-948E-B69A7E2A446C}.Debug|Any CPU.ActiveCfg = Debug|Any CPU
		{6F74BA68-CE44-4BCB-948E-B69A7E2A446C}.Debug|Any CPU.Build.0 = Debug|Any CPU
		{6F74BA68-CE44-4BCB-948E-B69A7E2A446C}.Release|Any CPU.ActiveCfg = Release|Any CPU
		{6F74BA68-CE44-4BCB-948E-B69A7E2A446C}.Release|Any CPU.Build.0 = Release|Any CPU
		{4D3891FE-74F0-4EF6-BEAD-155F668CD4AB}.Debug|Any CPU.ActiveCfg = Debug|Any CPU
		{4D3891FE-74F0-4EF6-BEAD-155F668CD4AB}.Debug|Any CPU.Build.0 = Debug|Any CPU
		{4D3891FE-74F0-4EF6-BEAD-155F668CD4AB}.Release|Any CPU.ActiveCfg = Release|Any CPU
		{4D3891FE-74F0-4EF6-BEAD-155F668CD4AB}.Release|Any CPU.Build.0 = Release|Any CPU
	EndGlobalSection
	GlobalSection(SolutionProperties) = preSolution
		HideSolutionNode = FALSE
	EndGlobalSection
	GlobalSection(ExtensibilityGlobals) = postSolution
		SolutionGuid = {CC066335-B7A7-4F3B-B144-233CF90DFC71}
	EndGlobalSection
EndGlobal
